
Microsoft Visual Studio Solution File, Format Version 12.00
# Visual Studio Version 17
VisualStudioVersion = 17.11.35327.3
MinimumVisualStudioVersion = 10.0.40219.1
Project("{9A19103F-16F7-4668-BE54-9A1E7A4F7556}") = "HRM.API", "HRMPortal\HRM.API.csproj", "{C1D7A5C6-E32F-42A5-95B0-98CABCEF98C9}"
EndProject
Project("{9A19103F-16F7-4668-BE54-9A1E7A4F7556}") = "HRM.Domain", "HRM.Domain\HRM.Domain.csproj", "{1077D834-398C-487B-91C3-2DFCF7CACBB4}"
EndProject
Project("{9A19103F-16F7-4668-BE54-9A1E7A4F7556}") = "HRM.Applicatin", "HRM.Applicatin\HRM.Applicatin.csproj", "{38F4537B-8BDF-4C49-B085-352AFF56AC91}"
EndProject
Project("{9A19103F-16F7-4668-BE54-9A1E7A4F7556}") = "HRM.Contracts", "HRM.Contracts\HRM.Contracts.csproj", "{24D41820-DCC0-47E2-AD2D-F16135018FFF}"
EndProject
Project("{9A19103F-16F7-4668-BE54-9A1E7A4F7556}") = "HRM.Infrastructure", "HRM.Infrastructure\HRM.Infrastructure.csproj", "{D8F11465-B251-49EA-834F-8F2ECED70124}"
EndProject
Project("{2150E333-8FDC-42A3-9474-1A3956D46DE8}") = "src", "src", "{55408AD1-57A3-4055-AE86-B36CA80597B2}"
EndProject
Project("{2150E333-8FDC-42A3-9474-1A3956D46DE8}") = "test", "test", "{8138E90B-1DE8-43D9-AE2B-375E288BFC58}"
EndProject
Global
	GlobalSection(SolutionConfigurationPlatforms) = preSolution
		Debug|Any CPU = Debug|Any CPU
		Release|Any CPU = Release|Any CPU
	EndGlobalSection
	GlobalSection(ProjectConfigurationPlatforms) = postSolution
		{C1D7A5C6-E32F-42A5-95B0-98CABCEF98C9}.Debug|Any CPU.ActiveCfg = Debug|Any CPU
		{C1D7A5C6-E32F-42A5-95B0-98CABCEF98C9}.Debug|Any CPU.Build.0 = Debug|Any CPU
		{C1D7A5C6-E32F-42A5-95B0-98CABCEF98C9}.Release|Any CPU.ActiveCfg = Release|Any CPU
		{C1D7A5C6-E32F-42A5-95B0-98CABCEF98C9}.Release|Any CPU.Build.0 = Release|Any CPU
		{1077D834-398C-487B-91C3-2DFCF7CACBB4}.Debug|Any CPU.ActiveCfg = Debug|Any CPU
		{1077D834-398C-487B-91C3-2DFCF7CACBB4}.Debug|Any CPU.Build.0 = Debug|Any CPU
		{1077D834-398C-487B-91C3-2DFCF7CACBB4}.Release|Any CPU.ActiveCfg = Release|Any CPU
		{1077D834-398C-487B-91C3-2DFCF7CACBB4}.Release|Any CPU.Build.0 = Release|Any CPU
		{38F4537B-8BDF-4C49-B085-352AFF56AC91}.Debug|Any CPU.ActiveCfg = Debug|Any CPU
		{38F4537B-8BDF-4C49-B085-352AFF56AC91}.Debug|Any CPU.Build.0 = Debug|Any CPU
		{38F4537B-8BDF-4C49-B085-352AFF56AC91}.Release|Any CPU.ActiveCfg = Release|Any CPU
		{38F4537B-8BDF-4C49-B085-352AFF56AC91}.Release|Any CPU.Build.0 = Release|Any CPU
		{24D41820-DCC0-47E2-AD2D-F16135018FFF}.Debug|Any CPU.ActiveCfg = Debug|Any CPU
		{24D41820-DCC0-47E2-AD2D-F16135018FFF}.Debug|Any CPU.Build.0 = Debug|Any CPU
		{24D41820-DCC0-47E2-AD2D-F16135018FFF}.Release|Any CPU.ActiveCfg = Release|Any CPU
		{24D41820-DCC0-47E2-AD2D-F16135018FFF}.Release|Any CPU.Build.0 = Release|Any CPU
		{D8F11465-B251-49EA-834F-8F2ECED70124}.Debug|Any CPU.ActiveCfg = Debug|Any CPU
		{D8F11465-B251-49EA-834F-8F2ECED70124}.Debug|Any CPU.Build.0 = Debug|Any CPU
		{D8F11465-B251-49EA-834F-8F2ECED70124}.Release|Any CPU.ActiveCfg = Release|Any CPU
		{D8F11465-B251-49EA-834F-8F2ECED70124}.Release|Any CPU.Build.0 = Release|Any CPU
	EndGlobalSection
	GlobalSection(SolutionProperties) = preSolution
		HideSolutionNode = FALSE
	EndGlobalSection
	GlobalSection(NestedProjects) = preSolution
		{C1D7A5C6-E32F-42A5-95B0-98CABCEF98C9} = {55408AD1-57A3-4055-AE86-B36CA80597B2}
		{1077D834-398C-487B-91C3-2DFCF7CACBB4} = {55408AD1-57A3-4055-AE86-B36CA80597B2}
		{38F4537B-8BDF-4C49-B085-352AFF56AC91} = {55408AD1-57A3-4055-AE86-B36CA80597B2}
		{24D41820-DCC0-47E2-AD2D-F16135018FFF} = {55408AD1-57A3-4055-AE86-B36CA80597B2}
		{D8F11465-B251-49EA-834F-8F2ECED70124} = {55408AD1-57A3-4055-AE86-B36CA80597B2}
	EndGlobalSection
	GlobalSection(ExtensibilityGlobals) = postSolution
		SolutionGuid = {579A08CE-CA7A-4B28-BE76-FF6ACB3845DB}
	EndGlobalSection
EndGlobal
